
Microsoft Visual Studio Solution File, Format Version 12.00
# Visual Studio Version 17
VisualStudioVersion = 17.8.34511.84
MinimumVisualStudioVersion = 10.0.40219.1
Project("{FAE04EC0-301F-11D3-BF4B-00C04F79EFBC}") = "ClassMetotDemo", "ClassMetotDemo\ClassMetotDemo.csproj", "{2A862567-2D09-4EEF-95CD-5B59599EFCA6}"
EndProject
Global
	GlobalSection(SolutionConfigurationPlatforms) = preSolution
		Debug|Any CPU = Debug|Any CPU
		Release|Any CPU = Release|Any CPU
	EndGlobalSection
	GlobalSection(ProjectConfigurationPlatforms) = postSolution
		{2A862567-2D09-4EEF-95CD-5B59599EFCA6}.Debug|Any CPU.ActiveCfg = Debug|Any CPU
		{2A862567-2D09-4EEF-95CD-5B59599EFCA6}.Debug|Any CPU.Build.0 = Debug|Any CPU
		{2A862567-2D09-4EEF-95CD-5B59599EFCA6}.Release|Any CPU.ActiveCfg = Release|Any CPU
		{2A862567-2D09-4EEF-95CD-5B59599EFCA6}.Release|Any CPU.Build.0 = Release|Any CPU
	EndGlobalSection
	GlobalSection(SolutionProperties) = preSolution
		HideSolutionNode = FALSE
	EndGlobalSection
	GlobalSection(ExtensibilityGlobals) = postSolution
		SolutionGuid = {B5C26951-20C3-446A-A0AA-456B101EB1CE}
	EndGlobalSection
EndGlobal
